
Microsoft Visual Studio Solution File, Format Version 12.00
# Visual Studio Version 17
VisualStudioVersion = 17.5.33530.505
MinimumVisualStudioVersion = 10.0.40219.1
Project("{FAE04EC0-301F-11D3-BF4B-00C04F79EFBC}") = "MagicVilla_VillaAPI", "MagicVilla_VillaAPI\MagicVilla_VillaAPI.csproj", "{4E3B0FC0-9301-469E-9F07-C43EB91A662D}"
EndProject
Global
	GlobalSection(SolutionConfigurationPlatforms) = preSolution
		Debug|Any CPU = Debug|Any CPU
		Release|Any CPU = Release|Any CPU
	EndGlobalSection
	GlobalSection(ProjectConfigurationPlatforms) = postSolution
		{4E3B0FC0-9301-469E-9F07-C43EB91A662D}.Debug|Any CPU.ActiveCfg = Debug|Any CPU
		{4E3B0FC0-9301-469E-9F07-C43EB91A662D}.Debug|Any CPU.Build.0 = Debug|Any CPU
		{4E3B0FC0-9301-469E-9F07-C43EB91A662D}.Release|Any CPU.ActiveCfg = Release|Any CPU
		{4E3B0FC0-9301-469E-9F07-C43EB91A662D}.Release|Any CPU.Build.0 = Release|Any CPU
	EndGlobalSection
	GlobalSection(SolutionProperties) = preSolution
		HideSolutionNode = FALSE
	EndGlobalSection
	GlobalSection(ExtensibilityGlobals) = postSolution
		SolutionGuid = {59CE0651-05CA-485D-8A36-EC6A7C1C1F98}
	EndGlobalSection
EndGlobal
